
Microsoft Visual Studio Solution File, Format Version 12.00
# Visual Studio Version 16
VisualStudioVersion = 16.0.30611.23
MinimumVisualStudioVersion = 10.0.40219.1
Project("{9A19103F-16F7-4668-BE54-9A1E7A4F7556}") = "WebTeacher", "WebTeacher.csproj", "{D0154D94-7D03-4D10-9ED6-0666E8BB17EE}"
EndProject
Global
	GlobalSection(SolutionConfigurationPlatforms) = preSolution
		Debug|Any CPU = Debug|Any CPU
		Release|Any CPU = Release|Any CPU
	EndGlobalSection
	GlobalSection(ProjectConfigurationPlatforms) = postSolution
		{D0154D94-7D03-4D10-9ED6-0666E8BB17EE}.Debug|Any CPU.ActiveCfg = Debug|Any CPU
		{D0154D94-7D03-4D10-9ED6-0666E8BB17EE}.Debug|Any CPU.Build.0 = Debug|Any CPU
		{D0154D94-7D03-4D10-9ED6-0666E8BB17EE}.Release|Any CPU.ActiveCfg = Release|Any CPU
		{D0154D94-7D03-4D10-9ED6-0666E8BB17EE}.Release|Any CPU.Build.0 = Release|Any CPU
	EndGlobalSection
	GlobalSection(SolutionProperties) = preSolution
		HideSolutionNode = FALSE
	EndGlobalSection
	GlobalSection(ExtensibilityGlobals) = postSolution
		SolutionGuid = {C0A13D2E-2165-48BF-8CA5-D32986521621}
	EndGlobalSection
EndGlobal
